
Microsoft Visual Studio Solution File, Format Version 12.00
# Visual Studio Version 16
VisualStudioVersion = 16.0.31911.196
MinimumVisualStudioVersion = 10.0.40219.1
Project("{9A19103F-16F7-4668-BE54-9A1E7A4F7556}") = "RomanNumeralMath", "RomanNumeralMath.csproj", "{2A9D383F-A49A-4C0C-AFBB-E2C77E625BD6}"
EndProject
Project("{FAE04EC0-301F-11D3-BF4B-00C04F79EFBC}") = "RomanNumeralMathTests", "..\RomanNumeralMathTests\RomanNumeralMathTests.csproj", "{6CD5580B-3997-408A-95C9-992B886917E5}"
EndProject
Global
	GlobalSection(SolutionConfigurationPlatforms) = preSolution
		Debug|Any CPU = Debug|Any CPU
		Release|Any CPU = Release|Any CPU
	EndGlobalSection
	GlobalSection(ProjectConfigurationPlatforms) = postSolution
		{2A9D383F-A49A-4C0C-AFBB-E2C77E625BD6}.Debug|Any CPU.ActiveCfg = Debug|Any CPU
		{2A9D383F-A49A-4C0C-AFBB-E2C77E625BD6}.Debug|Any CPU.Build.0 = Debug|Any CPU
		{2A9D383F-A49A-4C0C-AFBB-E2C77E625BD6}.Release|Any CPU.ActiveCfg = Release|Any CPU
		{2A9D383F-A49A-4C0C-AFBB-E2C77E625BD6}.Release|Any CPU.Build.0 = Release|Any CPU
		{6CD5580B-3997-408A-95C9-992B886917E5}.Debug|Any CPU.ActiveCfg = Debug|Any CPU
		{6CD5580B-3997-408A-95C9-992B886917E5}.Debug|Any CPU.Build.0 = Debug|Any CPU
		{6CD5580B-3997-408A-95C9-992B886917E5}.Release|Any CPU.ActiveCfg = Release|Any CPU
		{6CD5580B-3997-408A-95C9-992B886917E5}.Release|Any CPU.Build.0 = Release|Any CPU
	EndGlobalSection
	GlobalSection(SolutionProperties) = preSolution
		HideSolutionNode = FALSE
	EndGlobalSection
	GlobalSection(ExtensibilityGlobals) = postSolution
		SolutionGuid = {6BE9319F-F523-4A5D-A4F2-80D0145D5408}
	EndGlobalSection
EndGlobal
